// !$*UTF8*$!
{
	archiveVersion = 1;
	classes = {
	};
	objectVersion = 46;
	objects = {

/* Begin PBXBuildFile section */
		961BAADF18FBC8EB004B0699 /* Foundation.framework in Frameworks */ = {isa = PBXBuildFile; fileRef = 961BAADE18FBC8EB004B0699 /* Foundation.framework */; };
		961BAAE118FBC8EB004B0699 /* CoreGraphics.framework in Frameworks */ = {isa = PBXBuildFile; fileRef = 961BAAE018FBC8EB004B0699 /* CoreGraphics.framework */; };
		961BAAE318FBC8EB004B0699 /* UIKit.framework in Frameworks */ = {isa = PBXBuildFile; fileRef = 961BAAE218FBC8EB004B0699 /* UIKit.framework */; };
		961BAAE918FBC8EB004B0699 /* InfoPlist.strings in Resources */ = {isa = PBXBuildFile; fileRef = 961BAAE718FBC8EB004B0699 /* InfoPlist.strings */; };
		961BAAEB18FBC8EB004B0699 /* main.m in Sources */ = {isa = PBXBuildFile; fileRef = 961BAAEA18FBC8EB004B0699 /* main.m */; };
		961BAAEF18FBC8EB004B0699 /* AppDelegate.m in Sources */ = {isa = PBXBuildFile; fileRef = 961BAAEE18FBC8EB004B0699 /* AppDelegate.m */; };
		961BAAF218FBC8EB004B0699 /* Main.storyboard in Resources */ = {isa = PBXBuildFile; fileRef = 961BAAF018FBC8EB004B0699 /* Main.storyboard */; };
		961BAAF518FBC8EB004B0699 /* ViewController.m in Sources */ = {isa = PBXBuildFile; fileRef = 961BAAF418FBC8EB004B0699 /* ViewController.m */; };
		961BAAF718FBC8EB004B0699 /* Images.xcassets in Resources */ = {isa = PBXBuildFile; fileRef = 961BAAF618FBC8EB004B0699 /* Images.xcassets */; };
		961BAB3218FBCAB0004B0699 /* AVFoundation.framework in Frameworks */ = {isa = PBXBuildFile; fileRef = 961BAB3118FBCAB0004B0699 /* AVFoundation.framework */; };
		961BAB3518FBDBAC004B0699 /* AdvancedExampleViewController.m in Sources */ = {isa = PBXBuildFile; fileRef = 961BAB3418FBDBAC004B0699 /* AdvancedExampleViewController.m */; };
		961BAB3818FBDED1004B0699 /* icon-iPodMusic.png in Resources */ = {isa = PBXBuildFile; fileRef = 961BAB3618FBDED1004B0699 /* icon-iPodMusic.png */; };
		961BAB3918FBDED1004B0699 /* icon-iPodMusic@2x.png in Resources */ = {isa = PBXBuildFile; fileRef = 961BAB3718FBDED1004B0699 /* icon-iPodMusic@2x.png */; };
		961BAB4118FC672A004B0699 /* crickets.mp3 in Resources */ = {isa = PBXBuildFile; fileRef = 961BAB3D18FC672A004B0699 /* crickets.mp3 */; };
		961BAB4218FC672A004B0699 /* digital.mp3 in Resources */ = {isa = PBXBuildFile; fileRef = 961BAB3E18FC672A004B0699 /* digital.mp3 */; };
		961BAB4318FC672A004B0699 /* doorbell.mp3 in Resources */ = {isa = PBXBuildFile; fileRef = 961BAB3F18FC672A004B0699 /* doorbell.mp3 */; };
		961BAB4418FC672A004B0699 /* duck.mp3 in Resources */ = {isa = PBXBuildFile; fileRef = 961BAB4018FC672A004B0699 /* duck.mp3 */; };
		96336DE718FC9040005E3969 /* JLSelectionObject.m in Sources */ = {isa = PBXBuildFile; fileRef = 96336DE418FC9040005E3969 /* JLSelectionObject.m */; };
		96336DE818FC9040005E3969 /* JLSelectionTVC.m in Sources */ = {isa = PBXBuildFile; fileRef = 96336DE618FC9040005E3969 /* JLSelectionTVC.m */; };
		96336DF118FCA27E005E3969 /* screenShot1.png in Resources */ = {isa = PBXBuildFile; fileRef = 96336DEF18FCA27E005E3969 /* screenShot1.png */; };
		96336DF218FCA27E005E3969 /* screenShot2.png in Resources */ = {isa = PBXBuildFile; fileRef = 96336DF018FCA27E005E3969 /* screenShot2.png */; };
/* End PBXBuildFile section */

/* Begin PBXFileReference section */
		961BAADB18FBC8EB004B0699 /* JLSelectionTVC Sample App.app */ = {isa = PBXFileReference; explicitFileType = wrapper.application; includeInIndex = 0; path = "JLSelectionTVC Sample App.app"; sourceTree = BUILT_PRODUCTS_DIR; };
		961BAADE18FBC8EB004B0699 /* Foundation.framework */ = {isa = PBXFileReference; lastKnownFileType = wrapper.framework; name = Foundation.framework; path = System/Library/Frameworks/Foundation.framework; sourceTree = SDKROOT; };
		961BAAE018FBC8EB004B0699 /* CoreGraphics.framework */ = {isa = PBXFileReference; lastKnownFileType = wrapper.framework; name = CoreGraphics.framework; path = System/Library/Frameworks/CoreGraphics.framework; sourceTree = SDKROOT; };
		961BAAE218FBC8EB004B0699 /* UIKit.framework */ = {isa = PBXFileReference; lastKnownFileType = wrapper.framework; name = UIKit.framework; path = System/Library/Frameworks/UIKit.framework; sourceTree = SDKROOT; };
		961BAAE618FBC8EB004B0699 /* JLSelectionTVC Sample App-Info.plist */ = {isa = PBXFileReference; lastKnownFileType = text.plist.xml; path = "JLSelectionTVC Sample App-Info.plist"; sourceTree = "<group>"; };
		961BAAE818FBC8EB004B0699 /* en */ = {isa = PBXFileReference; lastKnownFileType = text.plist.strings; name = en; path = en.lproj/InfoPlist.strings; sourceTree = "<group>"; };
		961BAAEA18FBC8EB004B0699 /* main.m */ = {isa = PBXFileReference; lastKnownFileType = sourcecode.c.objc; path = main.m; sourceTree = "<group>"; };
		961BAAEC18FBC8EB004B0699 /* JLSelectionTVC Sample App-Prefix.pch */ = {isa = PBXFileReference; lastKnownFileType = sourcecode.c.h; path = "JLSelectionTVC Sample App-Prefix.pch"; sourceTree = "<group>"; };
		961BAAED18FBC8EB004B0699 /* AppDelegate.h */ = {isa = PBXFileReference; lastKnownFileType = sourcecode.c.h; path = AppDelegate.h; sourceTree = "<group>"; };
		961BAAEE18FBC8EB004B0699 /* AppDelegate.m */ = {isa = PBXFileReference; lastKnownFileType = sourcecode.c.objc; path = AppDelegate.m; sourceTree = "<group>"; };
		961BAAF118FBC8EB004B0699 /* Base */ = {isa = PBXFileReference; lastKnownFileType = file.storyboard; name = Base; path = Base.lproj/Main.storyboard; sourceTree = "<group>"; };
		961BAAF318FBC8EB004B0699 /* ViewController.h */ = {isa = PBXFileReference; lastKnownFileType = sourcecode.c.h; path = ViewController.h; sourceTree = "<group>"; };
		961BAAF418FBC8EB004B0699 /* ViewController.m */ = {isa = PBXFileReference; lastKnownFileType = sourcecode.c.objc; path = ViewController.m; sourceTree = "<group>"; };
		961BAAF618FBC8EB004B0699 /* Images.xcassets */ = {isa = PBXFileReference; lastKnownFileType = folder.assetcatalog; path = Images.xcassets; sourceTree = "<group>"; };
		961BAAFD18FBC8EB004B0699 /* XCTest.framework */ = {isa = PBXFileReference; lastKnownFileType = wrapper.framework; name = XCTest.framework; path = Library/Frameworks/XCTest.framework; sourceTree = DEVELOPER_DIR; };
		961BAB3118FBCAB0004B0699 /* AVFoundation.framework */ = {isa = PBXFileReference; lastKnownFileType = wrapper.framework; name = AVFoundation.framework; path = System/Library/Frameworks/AVFoundation.framework; sourceTree = SDKROOT; };
		961BAB3318FBDBAC004B0699 /* AdvancedExampleViewController.h */ = {isa = PBXFileReference; fileEncoding = 4; lastKnownFileType = sourcecode.c.h; path = AdvancedExampleViewController.h; sourceTree = "<group>"; };
		961BAB3418FBDBAC004B0699 /* AdvancedExampleViewController.m */ = {isa = PBXFileReference; fileEncoding = 4; lastKnownFileType = sourcecode.c.objc; path = AdvancedExampleViewController.m; sourceTree = "<group>"; };
		961BAB3618FBDED1004B0699 /* icon-iPodMusic.png */ = {isa = PBXFileReference; lastKnownFileType = image.png; path = "icon-iPodMusic.png"; sourceTree = "<group>"; };
		961BAB3718FBDED1004B0699 /* icon-iPodMusic@2x.png */ = {isa = PBXFileReference; lastKnownFileType = image.png; path = "icon-iPodMusic@2x.png"; sourceTree = "<group>"; };
		961BAB3D18FC672A004B0699 /* crickets.mp3 */ = {isa = PBXFileReference; lastKnownFileType = audio.mp3; path = crickets.mp3; sourceTree = "<group>"; };
		961BAB3E18FC672A004B0699 /* digital.mp3 */ = {isa = PBXFileReference; lastKnownFileType = audio.mp3; path = digital.mp3; sourceTree = "<group>"; };
		961BAB3F18FC672A004B0699 /* doorbell.mp3 */ = {isa = PBXFileReference; lastKnownFileType = audio.mp3; path = doorbell.mp3; sourceTree = "<group>"; };
		961BAB4018FC672A004B0699 /* duck.mp3 */ = {isa = PBXFileReference; lastKnownFileType = audio.mp3; path = duck.mp3; sourceTree = "<group>"; };
		96336DE318FC9040005E3969 /* JLSelectionObject.h */ = {isa = PBXFileReference; fileEncoding = 4; lastKnownFileType = sourcecode.c.h; path = JLSelectionObject.h; sourceTree = "<group>"; };
		96336DE418FC9040005E3969 /* JLSelectionObject.m */ = {isa = PBXFileReference; fileEncoding = 4; lastKnownFileType = sourcecode.c.objc; path = JLSelectionObject.m; sourceTree = "<group>"; };
		96336DE518FC9040005E3969 /* JLSelectionTVC.h */ = {isa = PBXFileReference; fileEncoding = 4; lastKnownFileType = sourcecode.c.h; path = JLSelectionTVC.h; sourceTree = "<group>"; };
		96336DE618FC9040005E3969 /* JLSelectionTVC.m */ = {isa = PBXFileReference; fileEncoding = 4; lastKnownFileType = sourcecode.c.objc; path = JLSelectionTVC.m; sourceTree = "<group>"; };
		96336DEF18FCA27E005E3969 /* screenShot1.png */ = {isa = PBXFileReference; lastKnownFileType = image.png; path = screenShot1.png; sourceTree = "<group>"; };
		96336DF018FCA27E005E3969 /* screenShot2.png */ = {isa = PBXFileReference; lastKnownFileType = image.png; path = screenShot2.png; sourceTree = "<group>"; };
/* End PBXFileReference section */

/* Begin PBXFrameworksBuildPhase section */
		961BAAD818FBC8EB004B0699 /* Frameworks */ = {
			isa = PBXFrameworksBuildPhase;
			buildActionMask = 2147483647;
			files = (
				961BAB3218FBCAB0004B0699 /* AVFoundation.framework in Frameworks */,
				961BAAE118FBC8EB004B0699 /* CoreGraphics.framework in Frameworks */,
				961BAAE318FBC8EB004B0699 /* UIKit.framework in Frameworks */,
				961BAADF18FBC8EB004B0699 /* Foundation.framework in Frameworks */,
			);
			runOnlyForDeploymentPostprocessing = 0;
		};
/* End PBXFrameworksBuildPhase section */

/* Begin PBXGroup section */
		961BAAD218FBC8EB004B0699 = {
			isa = PBXGroup;
			children = (
				961BAAE418FBC8EB004B0699 /* JLSelectionTVC Sample App */,
				961BAADD18FBC8EB004B0699 /* Frameworks */,
				961BAADC18FBC8EB004B0699 /* Products */,
			);
			sourceTree = "<group>";
		};
		961BAADC18FBC8EB004B0699 /* Products */ = {
			isa = PBXGroup;
			children = (
				961BAADB18FBC8EB004B0699 /* JLSelectionTVC Sample App.app */,
			);
			name = Products;
			sourceTree = "<group>";
		};
		961BAADD18FBC8EB004B0699 /* Frameworks */ = {
			isa = PBXGroup;
			children = (
				961BAB3118FBCAB0004B0699 /* AVFoundation.framework */,
				961BAADE18FBC8EB004B0699 /* Foundation.framework */,
				961BAAE018FBC8EB004B0699 /* CoreGraphics.framework */,
				961BAAE218FBC8EB004B0699 /* UIKit.framework */,
				961BAAFD18FBC8EB004B0699 /* XCTest.framework */,
			);
			name = Frameworks;
			sourceTree = "<group>";
		};
		961BAAE418FBC8EB004B0699 /* JLSelectionTVC Sample App */ = {
			isa = PBXGroup;
			children = (
				961BAAED18FBC8EB004B0699 /* AppDelegate.h */,
				961BAAEE18FBC8EB004B0699 /* AppDelegate.m */,
				961BAAF018FBC8EB004B0699 /* Main.storyboard */,
				961BAB3318FBDBAC004B0699 /* AdvancedExampleViewController.h */,
				961BAB3418FBDBAC004B0699 /* AdvancedExampleViewController.m */,
				961BAAF318FBC8EB004B0699 /* ViewController.h */,
				961BAAF418FBC8EB004B0699 /* ViewController.m */,
				96336DE218FC9040005E3969 /* JLSelectionTVC */,
				961BAAF618FBC8EB004B0699 /* Images.xcassets */,
				961BAAE518FBC8EB004B0699 /* Supporting Files */,
			);
			path = "JLSelectionTVC Sample App";
			sourceTree = "<group>";
		};
		961BAAE518FBC8EB004B0699 /* Supporting Files */ = {
			isa = PBXGroup;
			children = (
				96336DEE18FCA27E005E3969 /* Screenshots */,
				961BAB3618FBDED1004B0699 /* icon-iPodMusic.png */,
				961BAB3718FBDED1004B0699 /* icon-iPodMusic@2x.png */,
				961BAB3D18FC672A004B0699 /* crickets.mp3 */,
				961BAB3E18FC672A004B0699 /* digital.mp3 */,
				961BAB3F18FC672A004B0699 /* doorbell.mp3 */,
				961BAB4018FC672A004B0699 /* duck.mp3 */,
				961BAAE618FBC8EB004B0699 /* JLSelectionTVC Sample App-Info.plist */,
				961BAAE718FBC8EB004B0699 /* InfoPlist.strings */,
				961BAAEA18FBC8EB004B0699 /* main.m */,
				961BAAEC18FBC8EB004B0699 /* JLSelectionTVC Sample App-Prefix.pch */,
			);
			name = "Supporting Files";
			sourceTree = "<group>";
		};
		96336DE218FC9040005E3969 /* JLSelectionTVC */ = {
			isa = PBXGroup;
			children = (
				96336DE518FC9040005E3969 /* JLSelectionTVC.h */,
				96336DE618FC9040005E3969 /* JLSelectionTVC.m */,
				96336DE318FC9040005E3969 /* JLSelectionObject.h */,
				96336DE418FC9040005E3969 /* JLSelectionObject.m */,
			);
			path = JLSelectionTVC;
			sourceTree = "<group>";
		};
		96336DEE18FCA27E005E3969 /* Screenshots */ = {
			isa = PBXGroup;
			children = (
				96336DEF18FCA27E005E3969 /* screenShot1.png */,
				96336DF018FCA27E005E3969 /* screenShot2.png */,
			);
			path = Screenshots;
			sourceTree = "<group>";
		};
/* End PBXGroup section */

/* Begin PBXNativeTarget section */
		961BAADA18FBC8EB004B0699 /* JLSelectionTVC Sample App */ = {
			isa = PBXNativeTarget;
			buildConfigurationList = 961BAB0D18FBC8EB004B0699 /* Build configuration list for PBXNativeTarget "JLSelectionTVC Sample App" */;
			buildPhases = (
				961BAAD718FBC8EB004B0699 /* Sources */,
				961BAAD818FBC8EB004B0699 /* Frameworks */,
				961BAAD918FBC8EB004B0699 /* Resources */,
			);
			buildRules = (
			);
			dependencies = (
			);
			name = "JLSelectionTVC Sample App";
			productName = "JLSelectionTVC Sample App";
			productReference = 961BAADB18FBC8EB004B0699 /* JLSelectionTVC Sample App.app */;
			productType = "com.apple.product-type.application";
		};
/* End PBXNativeTarget section */

/* Begin PBXProject section */
		961BAAD318FBC8EB004B0699 /* Project object */ = {
			isa = PBXProject;
			attributes = {
				LastUpgradeCheck = 0510;
				ORGANIZATIONNAME = "j labs";
				TargetAttributes = {
					961BAADA18FBC8EB004B0699 = {
						DevelopmentTeam = MTC99JZWWE;
					};
				};
			};
			buildConfigurationList = 961BAAD618FBC8EB004B0699 /* Build configuration list for PBXProject "JLSelectionTVC Sample App" */;
			compatibilityVersion = "Xcode 3.2";
			developmentRegion = English;
			hasScannedForEncodings = 0;
			knownRegions = (
				en,
				Base,
			);
			mainGroup = 961BAAD218FBC8EB004B0699;
			productRefGroup = 961BAADC18FBC8EB004B0699 /* Products */;
			projectDirPath = "";
			projectRoot = "";
			targets = (
				961BAADA18FBC8EB004B0699 /* JLSelectionTVC Sample App */,
			);
		};
/* End PBXProject section */

/* Begin PBXResourcesBuildPhase section */
		961BAAD918FBC8EB004B0699 /* Resources */ = {
			isa = PBXResourcesBuildPhase;
			buildActionMask = 2147483647;
			files = (
				961BAB4118FC672A004B0699 /* crickets.mp3 in Resources */,
				96336DF218FCA27E005E3969 /* screenShot2.png in Resources */,
				961BAB3818FBDED1004B0699 /* icon-iPodMusic.png in Resources */,
				961BAB4418FC672A004B0699 /* duck.mp3 in Resources */,
				961BAB4218FC672A004B0699 /* digital.mp3 in Resources */,
				961BAB3918FBDED1004B0699 /* icon-iPodMusic@2x.png in Resources */,
				961BAAF718FBC8EB004B0699 /* Images.xcassets in Resources */,
				961BAB4318FC672A004B0699 /* doorbell.mp3 in Resources */,
				961BAAE918FBC8EB004B0699 /* InfoPlist.strings in Resources */,
				961BAAF218FBC8EB004B0699 /* Main.storyboard in Resources */,
				96336DF118FCA27E005E3969 /* screenShot1.png in Resources */,
			);
			runOnlyForDeploymentPostprocessing = 0;
		};
/* End PBXResourcesBuildPhase section */

/* Begin PBXSourcesBuildPhase section */
		961BAAD718FBC8EB004B0699 /* Sources */ = {
			isa = PBXSourcesBuildPhase;
			buildActionMask = 2147483647;
			files = (
				96336DE718FC9040005E3969 /* JLSelectionObject.m in Sources */,
				961BAAF518FBC8EB004B0699 /* ViewController.m in Sources */,
				96336DE818FC9040005E3969 /* JLSelectionTVC.m in Sources */,
				961BAB3518FBDBAC004B0699 /* AdvancedExampleViewController.m in Sources */,
				961BAAEF18FBC8EB004B0699 /* AppDelegate.m in Sources */,
				961BAAEB18FBC8EB004B0699 /* main.m in Sources */,
			);
			runOnlyForDeploymentPostprocessing = 0;
		};
/* End PBXSourcesBuildPhase section */

/* Begin PBXVariantGroup section */
		961BAAE718FBC8EB004B0699 /* InfoPlist.strings */ = {
			isa = PBXVariantGroup;
			children = (
				961BAAE818FBC8EB004B0699 /* en */,
			);
			name = InfoPlist.strings;
			sourceTree = "<group>";
		};
		961BAAF018FBC8EB004B0699 /* Main.storyboard */ = {
			isa = PBXVariantGroup;
			children = (
				961BAAF118FBC8EB004B0699 /* Base */,
			);
			name = Main.storyboard;
			sourceTree = "<group>";
		};
/* End PBXVariantGroup section */

/* Begin XCBuildConfiguration section */
		961BAB0B18FBC8EB004B0699 /* Debug */ = {
			isa = XCBuildConfiguration;
			buildSettings = {
				ALWAYS_SEARCH_USER_PATHS = NO;
				CLANG_CXX_LANGUAGE_STANDARD = "gnu++0x";
				CLANG_CXX_LIBRARY = "libc++";
				CLANG_ENABLE_MODULES = YES;
				CLANG_ENABLE_OBJC_ARC = YES;
				CLANG_WARN_BOOL_CONVERSION = YES;
				CLANG_WARN_CONSTANT_CONVERSION = YES;
				CLANG_WARN_DIRECT_OBJC_ISA_USAGE = YES_ERROR;
				CLANG_WARN_EMPTY_BODY = YES;
				CLANG_WARN_ENUM_CONVERSION = YES;
				CLANG_WARN_INT_CONVERSION = YES;
				CLANG_WARN_OBJC_ROOT_CLASS = YES_ERROR;
				CLANG_WARN__DUPLICATE_METHOD_MATCH = YES;
				"CODE_SIGN_IDENTITY[sdk=iphoneos*]" = "iPhone Developer";
				COPY_PHASE_STRIP = NO;
				GCC_C_LANGUAGE_STANDARD = gnu99;
				GCC_DYNAMIC_NO_PIC = NO;
				GCC_OPTIMIZATION_LEVEL = 0;
				GCC_PREPROCESSOR_DEFINITIONS = (
					"DEBUG=1",
					"$(inherited)",
				);
				GCC_SYMBOLS_PRIVATE_EXTERN = NO;
				GCC_WARN_64_TO_32_BIT_CONVERSION = YES;
				GCC_WARN_ABOUT_RETURN_TYPE = YES_ERROR;
				GCC_WARN_UNDECLARED_SELECTOR = YES;
				GCC_WARN_UNINITIALIZED_AUTOS = YES_AGGRESSIVE;
				GCC_WARN_UNUSED_FUNCTION = YES;
				GCC_WARN_UNUSED_VARIABLE = YES;
				IPHONEOS_DEPLOYMENT_TARGET = 6.0;
				ONLY_ACTIVE_ARCH = YES;
				SDKROOT = iphoneos;
			};
			name = Debug;
		};
		961BAB0C18FBC8EB004B0699 /* Release */ = {
			isa = XCBuildConfiguration;
			buildSettings = {
				ALWAYS_SEARCH_USER_PATHS = NO;
				CLANG_CXX_LANGUAGE_STANDARD = "gnu++0x";
				CLANG_CXX_LIBRARY = "libc++";
				CLANG_ENABLE_MODULES = YES;
				CLANG_ENABLE_OBJC_ARC = YES;
				CLANG_WARN_BOOL_CONVERSION = YES;
				CLANG_WARN_CONSTANT_CONVERSION = YES;
				CLANG_WARN_DIRECT_OBJC_ISA_USAGE = YES_ERROR;
				CLANG_WARN_EMPTY_BODY = YES;
				CLANG_WARN_ENUM_CONVERSION = YES;
				CLANG_WARN_INT_CONVERSION = YES;
				CLANG_WARN_OBJC_ROOT_CLASS = YES_ERROR;
				CLANG_WARN__DUPLICATE_METHOD_MATCH = YES;
				"CODE_SIGN_IDENTITY[sdk=iphoneos*]" = "iPhone Developer";
				COPY_PHASE_STRIP = YES;
				ENABLE_NS_ASSERTIONS = NO;
				GCC_C_LANGUAGE_STANDARD = gnu99;
				GCC_WARN_64_TO_32_BIT_CONVERSION = YES;
				GCC_WARN_ABOUT_RETURN_TYPE = YES_ERROR;
				GCC_WARN_UNDECLARED_SELECTOR = YES;
				GCC_WARN_UNINITIALIZED_AUTOS = YES_AGGRESSIVE;
				GCC_WARN_UNUSED_FUNCTION = YES;
				GCC_WARN_UNUSED_VARIABLE = YES;
				IPHONEOS_DEPLOYMENT_TARGET = 6.0;
				SDKROOT = iphoneos;
				VALIDATE_PRODUCT = YES;
			};
			name = Release;
		};
		961BAB0E18FBC8EB004B0699 /* Debug */ = {
			isa = XCBuildConfiguration;
			buildSettings = {
				ASSETCATALOG_COMPILER_APPICON_NAME = AppIcon;
				ASSETCATALOG_COMPILER_LAUNCHIMAGE_NAME = LaunchImage;
				DEVELOPMENT_TEAM = MTC99JZWWE;
				GCC_PRECOMPILE_PREFIX_HEADER = YES;
				GCC_PREFIX_HEADER = "JLSelectionTVC Sample App/JLSelectionTVC Sample App-Prefix.pch";
				INFOPLIST_FILE = "JLSelectionTVC Sample App/JLSelectionTVC Sample App-Info.plist";
				IPHONEOS_DEPLOYMENT_TARGET = 10.0;
				PRODUCT_NAME = "$(TARGET_NAME)";
				WRAPPER_EXTENSION = app;
			};
			name = Debug;
		};
		961BAB0F18FBC8EB004B0699 /* Release */ = {
			isa = XCBuildConfiguration;
			buildSettings = {
				ASSETCATALOG_COMPILER_APPICON_NAME = AppIcon;
				ASSETCATALOG_COMPILER_LAUNCHIMAGE_NAME = LaunchImage;
				DEVELOPMENT_TEAM = MTC99JZWWE;
				GCC_PRECOMPILE_PREFIX_HEADER = YES;
				GCC_PREFIX_HEADER = "JLSelectionTVC Sample App/JLSelectionTVC Sample App-Prefix.pch";
				INFOPLIST_FILE = "JLSelectionTVC Sample App/JLSelectionTVC Sample App-Info.plist";
				IPHONEOS_DEPLOYMENT_TARGET = 10.0;
				PRODUCT_NAME = "$(TARGET_NAME)";
				WRAPPER_EXTENSION = app;
			};
			name = Release;
		};
/* End XCBuildConfiguration section */

/* Begin XCConfigurationList section */
		961BAAD618FBC8EB004B0699 /* Build configuration list for PBXProject "JLSelectionTVC Sample App" */ = {
			isa = XCConfigurationList;
			buildConfigurations = (
				961BAB0B18FBC8EB004B0699 /* Debug */,
				961BAB0C18FBC8EB004B0699 /* Release */,
			);
			defaultConfigurationIsVisible = 0;
			defaultConfigurationName = Release;
		};
		961BAB0D18FBC8EB004B0699 /* Build configuration list for PBXNativeTarget "JLSelectionTVC Sample App" */ = {
			isa = XCConfigurationList;
			buildConfigurations = (
				961BAB0E18FBC8EB004B0699 /* Debug */,
				961BAB0F18FBC8EB004B0699 /* Release */,
			);
			defaultConfigurationIsVisible = 0;
			defaultConfigurationName = Release;
		};
/* End XCConfigurationList section */
	};
	rootObject = 961BAAD318FBC8EB004B0699 /* Project object */;
}
